// !$*UTF8*$!
{
	archiveVersion = 1;
	classes = {
	};
	objectVersion = 77;
	objects = {

/* Begin PBXContainerItemProxy section */
		6334E0E32DC79C8900E50A8F /* PBXContainerItemProxy */ = {
			isa = PBXContainerItemProxy;
			containerPortal = 6334E0CA2DC79C8900E50A8F /* Project object */;
			proxyType = 1;
			remoteGlobalIDString = 6334E0D12DC79C8900E50A8F;
			remoteInfo = TokoToko;
		};
		6334E0ED2DC79C8900E50A8F /* PBXContainerItemProxy */ = {
			isa = PBXContainerItemProxy;
			containerPortal = 6334E0CA2DC79C8900E50A8F /* Project object */;
			proxyType = 1;
			remoteGlobalIDString = 6334E0D12DC79C8900E50A8F;
			remoteInfo = TokoToko;
		};
/* End PBXContainerItemProxy section */

/* Begin PBXFileReference section */
		6334E0D22DC79C8900E50A8F /* TokoToko.app */ = {isa = PBXFileReference; explicitFileType = wrapper.application; includeInIndex = 0; path = TokoToko.app; sourceTree = BUILT_PRODUCTS_DIR; };
		6334E0E22DC79C8900E50A8F /* TokoTokoTests.xctest */ = {isa = PBXFileReference; explicitFileType = wrapper.cfbundle; includeInIndex = 0; path = TokoTokoTests.xctest; sourceTree = BUILT_PRODUCTS_DIR; };
		6334E0EC2DC79C8900E50A8F /* TokoTokoUITests.xctest */ = {isa = PBXFileReference; explicitFileType = wrapper.cfbundle; includeInIndex = 0; path = TokoTokoUITests.xctest; sourceTree = BUILT_PRODUCTS_DIR; };
/* End PBXFileReference section */

/* Begin PBXFileSystemSynchronizedRootGroup section */
		6334E0D42DC79C8900E50A8F /* TokoToko */ = {
			isa = PBXFileSystemSynchronizedRootGroup;
			path = TokoToko;
			sourceTree = "<group>";
		};
		6334E0E52DC79C8900E50A8F /* TokoTokoTests */ = {
			isa = PBXFileSystemSynchronizedRootGroup;
			path = TokoTokoTests;
			sourceTree = "<group>";
		};
		6334E0EF2DC79C8900E50A8F /* TokoTokoUITests */ = {
			isa = PBXFileSystemSynchronizedRootGroup;
			path = TokoTokoUITests;
			sourceTree = "<group>";
		};
/* End PBXFileSystemSynchronizedRootGroup section */

/* Begin PBXFrameworksBuildPhase section */
		6334E0CF2DC79C8900E50A8F /* Frameworks */ = {
			isa = PBXFrameworksBuildPhase;
			buildActionMask = 2147483647;
			files = (
			);
			runOnlyForDeploymentPostprocessing = 0;
		};
		6334E0DF2DC79C8900E50A8F /* Frameworks */ = {
			isa = PBXFrameworksBuildPhase;
			buildActionMask = 2147483647;
			files = (
			);
			runOnlyForDeploymentPostprocessing = 0;
		};
		6334E0E92DC79C8900E50A8F /* Frameworks */ = {
			isa = PBXFrameworksBuildPhase;
			buildActionMask = 2147483647;
			files = (
			);
			runOnlyForDeploymentPostprocessing = 0;
		};
/* End PBXFrameworksBuildPhase section */

/* Begin PBXGroup section */
		6334E0C92DC79C8900E50A8F = {
			isa = PBXGroup;
			children = (
				6334E0D42DC79C8900E50A8F /* TokoToko */,
				6334E0E52DC79C8900E50A8F /* TokoTokoTests */,
				6334E0EF2DC79C8900E50A8F /* TokoTokoUITests */,
				6334E0D32DC79C8900E50A8F /* Products */,
			);
			sourceTree = "<group>";
		};
		6334E0D32DC79C8900E50A8F /* Products */ = {
			isa = PBXGroup;
			children = (
				6334E0D22DC79C8900E50A8F /* TokoToko.app */,
				6334E0E22DC79C8900E50A8F /* TokoTokoTests.xctest */,
				6334E0EC2DC79C8900E50A8F /* TokoTokoUITests.xctest */,
			);
			name = Products;
			sourceTree = "<group>";
		};
/* End PBXGroup section */

/* Begin PBXNativeTarget section */
		6334E0D12DC79C8900E50A8F /* TokoToko */ = {
			isa = PBXNativeTarget;
			buildConfigurationList = 6334E0F62DC79C8900E50A8F /* Build configuration list for PBXNativeTarget "TokoToko" */;
			buildPhases = (
				6334E0CE2DC79C8900E50A8F /* Sources */,
				6334E0CF2DC79C8900E50A8F /* Frameworks */,
				6334E0D02DC79C8900E50A8F /* Resources */,
			);
			buildRules = (
			);
			dependencies = (
			);
			fileSystemSynchronizedGroups = (
				6334E0D42DC79C8900E50A8F /* TokoToko */,
			);
			name = TokoToko;
			packageProductDependencies = (
			);
			productName = TokoToko;
			productReference = 6334E0D22DC79C8900E50A8F /* TokoToko.app */;
			productType = "com.apple.product-type.application";
		};
		6334E0E12DC79C8900E50A8F /* TokoTokoTests */ = {
			isa = PBXNativeTarget;
			buildConfigurationList = 6334E0F92DC79C8900E50A8F /* Build configuration list for PBXNativeTarget "TokoTokoTests" */;
			buildPhases = (
				6334E0DE2DC79C8900E50A8F /* Sources */,
				6334E0DF2DC79C8900E50A8F /* Frameworks */,
				6334E0E02DC79C8900E50A8F /* Resources */,
			);
			buildRules = (
			);
			dependencies = (
				6334E0E42DC79C8900E50A8F /* PBXTargetDependency */,
			);
			fileSystemSynchronizedGroups = (
				6334E0E52DC79C8900E50A8F /* TokoTokoTests */,
			);
			name = TokoTokoTests;
			packageProductDependencies = (
			);
			productName = TokoTokoTests;
			productReference = 6334E0E22DC79C8900E50A8F /* TokoTokoTests.xctest */;
			productType = "com.apple.product-type.bundle.unit-test";
		};
		6334E0EB2DC79C8900E50A8F /* TokoTokoUITests */ = {
			isa = PBXNativeTarget;
			buildConfigurationList = 6334E0FC2DC79C8900E50A8F /* Build configuration list for PBXNativeTarget "TokoTokoUITests" */;
			buildPhases = (
				6334E0E82DC79C8900E50A8F /* Sources */,
				6334E0E92DC79C8900E50A8F /* Frameworks */,
				6334E0EA2DC79C8900E50A8F /* Resources */,
			);
			buildRules = (
			);
			dependencies = (
				6334E0EE2DC79C8900E50A8F /* PBXTargetDependency */,
			);
			fileSystemSynchronizedGroups = (
				6334E0EF2DC79C8900E50A8F /* TokoTokoUITests */,
			);
			name = TokoTokoUITests;
			packageProductDependencies = (
			);
			productName = TokoTokoUITests;
			productReference = 6334E0EC2DC79C8900E50A8F /* TokoTokoUITests.xctest */;
			productType = "com.apple.product-type.bundle.ui-testing";
		};
/* End PBXNativeTarget section */

/* Begin PBXProject section */
		6334E0CA2DC79C8900E50A8F /* Project object */ = {
			isa = PBXProject;
			attributes = {
				BuildIndependentTargetsInParallel = 1;
				LastSwiftUpdateCheck = 1610;
				LastUpgradeCheck = 1610;
				TargetAttributes = {
					6334E0D12DC79C8900E50A8F = {
						CreatedOnToolsVersion = 16.1;
					};
					6334E0E12DC79C8900E50A8F = {
						CreatedOnToolsVersion = 16.1;
						TestTargetID = 6334E0D12DC79C8900E50A8F;
					};
					6334E0EB2DC79C8900E50A8F = {
						CreatedOnToolsVersion = 16.1;
						TestTargetID = 6334E0D12DC79C8900E50A8F;
					};
				};
			};
			buildConfigurationList = 6334E0CD2DC79C8900E50A8F /* Build configuration list for PBXProject "TokoToko" */;
			developmentRegion = en;
			hasScannedForEncodings = 0;
			knownRegions = (
				en,
				Base,
			);
			mainGroup = 6334E0C92DC79C8900E50A8F;
			minimizedProjectReferenceProxies = 1;
			preferredProjectObjectVersion = 77;
			productRefGroup = 6334E0D32DC79C8900E50A8F /* Products */;
			projectDirPath = "";
			projectRoot = "";
			targets = (
				6334E0D12DC79C8900E50A8F /* TokoToko */,
				6334E0E12DC79C8900E50A8F /* TokoTokoTests */,
				6334E0EB2DC79C8900E50A8F /* TokoTokoUITests */,
			);
		};
/* End PBXProject section */

/* Begin PBXResourcesBuildPhase section */
		6334E0D02DC79C8900E50A8F /* Resources */ = {
			isa = PBXResourcesBuildPhase;
			buildActionMask = 2147483647;
			files = (
			);
			runOnlyForDeploymentPostprocessing = 0;
		};
		6334E0E02DC79C8900E50A8F /* Resources */ = {
			isa = PBXResourcesBuildPhase;
			buildActionMask = 2147483647;
			files = (
			);
			runOnlyForDeploymentPostprocessing = 0;
		};
		6334E0EA2DC79C8900E50A8F /* Resources */ = {
			isa = PBXResourcesBuildPhase;
			buildActionMask = 2147483647;
			files = (
			);
			runOnlyForDeploymentPostprocessing = 0;
		};
/* End PBXResourcesBuildPhase section */

/* Begin PBXSourcesBuildPhase section */
		6334E0CE2DC79C8900E50A8F /* Sources */ = {
			isa = PBXSourcesBuildPhase;
			buildActionMask = 2147483647;
			files = (
			);
			runOnlyForDeploymentPostprocessing = 0;
		};
		6334E0DE2DC79C8900E50A8F /* Sources */ = {
			isa = PBXSourcesBuildPhase;
			buildActionMask = 2147483647;
			files = (
			);
			runOnlyForDeploymentPostprocessing = 0;
		};
		6334E0E82DC79C8900E50A8F /* Sources */ = {
			isa = PBXSourcesBuildPhase;
			buildActionMask = 2147483647;
			files = (
			);
			runOnlyForDeploymentPostprocessing = 0;
		};
/* End PBXSourcesBuildPhase section */

/* Begin PBXTargetDependency section */
		6334E0E42DC79C8900E50A8F /* PBXTargetDependency */ = {
			isa = PBXTargetDependency;
			target = 6334E0D12DC79C8900E50A8F /* TokoToko */;
			targetProxy = 6334E0E32DC79C8900E50A8F /* PBXContainerItemProxy */;
		};
		6334E0EE2DC79C8900E50A8F /* PBXTargetDependency */ = {
			isa = PBXTargetDependency;
			target = 6334E0D12DC79C8900E50A8F /* TokoToko */;
			targetProxy = 6334E0ED2DC79C8900E50A8F /* PBXContainerItemProxy */;
		};
/* End PBXTargetDependency section */

/* Begin XCBuildConfiguration section */
		6334E0F42DC79C8900E50A8F /* Debug */ = {
			isa = XCBuildConfiguration;
			buildSettings = {
				ALWAYS_SEARCH_USER_PATHS = NO;
				ASSETCATALOG_COMPILER_GENERATE_SWIFT_ASSET_SYMBOL_EXTENSIONS = YES;
				CLANG_ANALYZER_NONNULL = YES;
				CLANG_ANALYZER_NUMBER_OBJECT_CONVERSION = YES_AGGRESSIVE;
				CLANG_CXX_LANGUAGE_STANDARD = "gnu++20";
				CLANG_ENABLE_MODULES = YES;
				CLANG_ENABLE_OBJC_ARC = YES;
				CLANG_ENABLE_OBJC_WEAK = YES;
				CLANG_WARN_BLOCK_CAPTURE_AUTORELEASING = YES;
				CLANG_WARN_BOOL_CONVERSION = YES;
				CLANG_WARN_COMMA = YES;
				CLANG_WARN_CONSTANT_CONVERSION = YES;
				CLANG_WARN_DEPRECATED_OBJC_IMPLEMENTATIONS = YES;
				CLANG_WARN_DIRECT_OBJC_ISA_USAGE = YES_ERROR;
				CLANG_WARN_DOCUMENTATION_COMMENTS = YES;
				CLANG_WARN_EMPTY_BODY = YES;
				CLANG_WARN_ENUM_CONVERSION = YES;
				CLANG_WARN_INFINITE_RECURSION = YES;
				CLANG_WARN_INT_CONVERSION = YES;
				CLANG_WARN_NON_LITERAL_NULL_CONVERSION = YES;
				CLANG_WARN_OBJC_IMPLICIT_RETAIN_SELF = YES;
				CLANG_WARN_OBJC_LITERAL_CONVERSION = YES;
				CLANG_WARN_OBJC_ROOT_CLASS = YES_ERROR;
				CLANG_WARN_QUOTED_INCLUDE_IN_FRAMEWORK_HEADER = YES;
				CLANG_WARN_RANGE_LOOP_ANALYSIS = YES;
				CLANG_WARN_STRICT_PROTOTYPES = YES;
				CLANG_WARN_SUSPICIOUS_MOVE = YES;
				CLANG_WARN_UNGUARDED_AVAILABILITY = YES_AGGRESSIVE;
				CLANG_WARN_UNREACHABLE_CODE = YES;
				CLANG_WARN__DUPLICATE_METHOD_MATCH = YES;
				COPY_PHASE_STRIP = NO;
				DEBUG_INFORMATION_FORMAT = dwarf;
				ENABLE_STRICT_OBJC_MSGSEND = YES;
				ENABLE_TESTABILITY = YES;
				ENABLE_USER_SCRIPT_SANDBOXING = YES;
				GCC_C_LANGUAGE_STANDARD = gnu17;
				GCC_DYNAMIC_NO_PIC = NO;
				GCC_NO_COMMON_BLOCKS = YES;
				GCC_OPTIMIZATION_LEVEL = 0;
				GCC_PREPROCESSOR_DEFINITIONS = (
					"DEBUG=1",
					"$(inherited)",
				);
				GCC_WARN_64_TO_32_BIT_CONVERSION = YES;
				GCC_WARN_ABOUT_RETURN_TYPE = YES_ERROR;
				GCC_WARN_UNDECLARED_SELECTOR = YES;
				GCC_WARN_UNINITIALIZED_AUTOS = YES_AGGRESSIVE;
				GCC_WARN_UNUSED_FUNCTION = YES;
				GCC_WARN_UNUSED_VARIABLE = YES;
				IPHONEOS_DEPLOYMENT_TARGET = 18.1;
				LOCALIZATION_PREFERS_STRING_CATALOGS = YES;
				MTL_ENABLE_DEBUG_INFO = INCLUDE_SOURCE;
				MTL_FAST_MATH = YES;
				ONLY_ACTIVE_ARCH = YES;
				SDKROOT = iphoneos;
				SWIFT_ACTIVE_COMPILATION_CONDITIONS = "DEBUG $(inherited)";
				SWIFT_OPTIMIZATION_LEVEL = "-Onone";
			};
			name = Debug;
		};
		6334E0F52DC79C8900E50A8F /* Release */ = {
			isa = XCBuildConfiguration;
			buildSettings = {
				ALWAYS_SEARCH_USER_PATHS = NO;
				ASSETCATALOG_COMPILER_GENERATE_SWIFT_ASSET_SYMBOL_EXTENSIONS = YES;
				CLANG_ANALYZER_NONNULL = YES;
				CLANG_ANALYZER_NUMBER_OBJECT_CONVERSION = YES_AGGRESSIVE;
				CLANG_CXX_LANGUAGE_STANDARD = "gnu++20";
				CLANG_ENABLE_MODULES = YES;
				CLANG_ENABLE_OBJC_ARC = YES;
				CLANG_ENABLE_OBJC_WEAK = YES;
				CLANG_WARN_BLOCK_CAPTURE_AUTORELEASING = YES;
				CLANG_WARN_BOOL_CONVERSION = YES;
				CLANG_WARN_COMMA = YES;
				CLANG_WARN_CONSTANT_CONVERSION = YES;
				CLANG_WARN_DEPRECATED_OBJC_IMPLEMENTATIONS = YES;
				CLANG_WARN_DIRECT_OBJC_ISA_USAGE = YES_ERROR;
				CLANG_WARN_DOCUMENTATION_COMMENTS = YES;
				CLANG_WARN_EMPTY_BODY = YES;
				CLANG_WARN_ENUM_CONVERSION = YES;
				CLANG_WARN_INFINITE_RECURSION = YES;
				CLANG_WARN_INT_CONVERSION = YES;
				CLANG_WARN_NON_LITERAL_NULL_CONVERSION = YES;
				CLANG_WARN_OBJC_IMPLICIT_RETAIN_SELF = YES;
				CLANG_WARN_OBJC_LITERAL_CONVERSION = YES;
				CLANG_WARN_OBJC_ROOT_CLASS = YES_ERROR;
				CLANG_WARN_QUOTED_INCLUDE_IN_FRAMEWORK_HEADER = YES;
				CLANG_WARN_RANGE_LOOP_ANALYSIS = YES;
				CLANG_WARN_STRICT_PROTOTYPES = YES;
				CLANG_WARN_SUSPICIOUS_MOVE = YES;
				CLANG_WARN_UNGUARDED_AVAILABILITY = YES_AGGRESSIVE;
				CLANG_WARN_UNREACHABLE_CODE = YES;
				CLANG_WARN__DUPLICATE_METHOD_MATCH = YES;
				COPY_PHASE_STRIP = NO;
				DEBUG_INFORMATION_FORMAT = "dwarf-with-dsym";
				ENABLE_NS_ASSERTIONS = NO;
				ENABLE_STRICT_OBJC_MSGSEND = YES;
				ENABLE_USER_SCRIPT_SANDBOXING = YES;
				GCC_C_LANGUAGE_STANDARD = gnu17;
				GCC_NO_COMMON_BLOCKS = YES;
				GCC_WARN_64_TO_32_BIT_CONVERSION = YES;
				GCC_WARN_ABOUT_RETURN_TYPE = YES_ERROR;
				GCC_WARN_UNDECLARED_SELECTOR = YES;
				GCC_WARN_UNINITIALIZED_AUTOS = YES_AGGRESSIVE;
				GCC_WARN_UNUSED_FUNCTION = YES;
				GCC_WARN_UNUSED_VARIABLE = YES;
				IPHONEOS_DEPLOYMENT_TARGET = 18.1;
				LOCALIZATION_PREFERS_STRING_CATALOGS = YES;
				MTL_ENABLE_DEBUG_INFO = NO;
				MTL_FAST_MATH = YES;
				SDKROOT = iphoneos;
				SWIFT_COMPILATION_MODE = wholemodule;
				VALIDATE_PRODUCT = YES;
			};
			name = Release;
		};
		6334E0F72DC79C8900E50A8F /* Debug */ = {
			isa = XCBuildConfiguration;
			buildSettings = {
				ASSETCATALOG_COMPILER_APPICON_NAME = AppIcon;
				ASSETCATALOG_COMPILER_GLOBAL_ACCENT_COLOR_NAME = AccentColor;
				CODE_SIGN_STYLE = Automatic;
				CURRENT_PROJECT_VERSION = 1;
				DEVELOPMENT_ASSET_PATHS = "\"TokoToko/Preview Content\"";
				DEVELOPMENT_TEAM = 95EHJ84BA2;
				ENABLE_PREVIEWS = YES;
				GENERATE_INFOPLIST_FILE = YES;
				INFOPLIST_KEY_UIApplicationSceneManifest_Generation = YES;
				INFOPLIST_KEY_UIApplicationSupportsIndirectInputEvents = YES;
				INFOPLIST_KEY_UILaunchScreen_Generation = YES;
				INFOPLIST_KEY_UISupportedInterfaceOrientations_iPad = "UIInterfaceOrientationPortrait UIInterfaceOrientationPortraitUpsideDown UIInterfaceOrientationLandscapeLeft UIInterfaceOrientationLandscapeRight";
				INFOPLIST_KEY_UISupportedInterfaceOrientations_iPhone = "UIInterfaceOrientationPortrait UIInterfaceOrientationLandscapeLeft UIInterfaceOrientationLandscapeRight";
				LD_RUNPATH_SEARCH_PATHS = (
					"$(inherited)",
					"@executable_path/Frameworks",
				);
				MARKETING_VERSION = 1.0;
				PRODUCT_BUNDLE_IDENTIFIER = RRRRRRR777.TokoToko;
				PRODUCT_NAME = "$(TARGET_NAME)";
				SWIFT_EMIT_LOC_STRINGS = YES;
				SWIFT_VERSION = 5.0;
				TARGETED_DEVICE_FAMILY = "1,2";
			};
			name = Debug;
		};
		6334E0F82DC79C8900E50A8F /* Release */ = {
			isa = XCBuildConfiguration;
			buildSettings = {
				ASSETCATALOG_COMPILER_APPICON_NAME = AppIcon;
				ASSETCATALOG_COMPILER_GLOBAL_ACCENT_COLOR_NAME = AccentColor;
				CODE_SIGN_STYLE = Automatic;
				CURRENT_PROJECT_VERSION = 1;
				DEVELOPMENT_ASSET_PATHS = "\"TokoToko/Preview Content\"";
				DEVELOPMENT_TEAM = 95EHJ84BA2;
				ENABLE_PREVIEWS = YES;
				GENERATE_INFOPLIST_FILE = YES;
				INFOPLIST_KEY_UIApplicationSceneManifest_Generation = YES;
				INFOPLIST_KEY_UIApplicationSupportsIndirectInputEvents = YES;
				INFOPLIST_KEY_UILaunchScreen_Generation = YES;
				INFOPLIST_KEY_UISupportedInterfaceOrientations_iPad = "UIInterfaceOrientationPortrait UIInterfaceOrientationPortraitUpsideDown UIInterfaceOrientationLandscapeLeft UIInterfaceOrientationLandscapeRight";
				INFOPLIST_KEY_UISupportedInterfaceOrientations_iPhone = "UIInterfaceOrientationPortrait UIInterfaceOrientationLandscapeLeft UIInterfaceOrientationLandscapeRight";
				LD_RUNPATH_SEARCH_PATHS = (
					"$(inherited)",
					"@executable_path/Frameworks",
				);
				MARKETING_VERSION = 1.0;
				PRODUCT_BUNDLE_IDENTIFIER = RRRRRRR777.TokoToko;
				PRODUCT_NAME = "$(TARGET_NAME)";
				SWIFT_EMIT_LOC_STRINGS = YES;
				SWIFT_VERSION = 5.0;
				TARGETED_DEVICE_FAMILY = "1,2";
			};
			name = Release;
		};
		6334E0FA2DC79C8900E50A8F /* Debug */ = {
			isa = XCBuildConfiguration;
			buildSettings = {
				BUNDLE_LOADER = "$(TEST_HOST)";
				CODE_SIGN_STYLE = Automatic;
				CURRENT_PROJECT_VERSION = 1;
				DEVELOPMENT_TEAM = 95EHJ84BA2;
				GENERATE_INFOPLIST_FILE = YES;
				IPHONEOS_DEPLOYMENT_TARGET = 18.1;
				MARKETING_VERSION = 1.0;
				PRODUCT_BUNDLE_IDENTIFIER = RRRRRRR777.TokoTokoTests;
				PRODUCT_NAME = "$(TARGET_NAME)";
				SWIFT_EMIT_LOC_STRINGS = NO;
				SWIFT_VERSION = 5.0;
				TARGETED_DEVICE_FAMILY = "1,2";
				TEST_HOST = "$(BUILT_PRODUCTS_DIR)/TokoToko.app/$(BUNDLE_EXECUTABLE_FOLDER_PATH)/TokoToko";
			};
			name = Debug;
		};
		6334E0FB2DC79C8900E50A8F /* Release */ = {
			isa = XCBuildConfiguration;
			buildSettings = {
				BUNDLE_LOADER = "$(TEST_HOST)";
				CODE_SIGN_STYLE = Automatic;
				CURRENT_PROJECT_VERSION = 1;
				DEVELOPMENT_TEAM = 95EHJ84BA2;
				GENERATE_INFOPLIST_FILE = YES;
				IPHONEOS_DEPLOYMENT_TARGET = 18.1;
				MARKETING_VERSION = 1.0;
				PRODUCT_BUNDLE_IDENTIFIER = RRRRRRR777.TokoTokoTests;
				PRODUCT_NAME = "$(TARGET_NAME)";
				SWIFT_EMIT_LOC_STRINGS = NO;
				SWIFT_VERSION = 5.0;
				TARGETED_DEVICE_FAMILY = "1,2";
				TEST_HOST = "$(BUILT_PRODUCTS_DIR)/TokoToko.app/$(BUNDLE_EXECUTABLE_FOLDER_PATH)/TokoToko";
			};
			name = Release;
		};
		6334E0FD2DC79C8900E50A8F /* Debug */ = {
			isa = XCBuildConfiguration;
			buildSettings = {
				CODE_SIGN_STYLE = Automatic;
				CURRENT_PROJECT_VERSION = 1;
				DEVELOPMENT_TEAM = 95EHJ84BA2;
				GENERATE_INFOPLIST_FILE = YES;
				MARKETING_VERSION = 1.0;
				PRODUCT_BUNDLE_IDENTIFIER = RRRRRRR777.TokoTokoUITests;
				PRODUCT_NAME = "$(TARGET_NAME)";
				SWIFT_EMIT_LOC_STRINGS = NO;
				SWIFT_VERSION = 5.0;
				TARGETED_DEVICE_FAMILY = "1,2";
				TEST_TARGET_NAME = TokoToko;
			};
			name = Debug;
		};
		6334E0FE2DC79C8900E50A8F /* Release */ = {
			isa = XCBuildConfiguration;
			buildSettings = {
				CODE_SIGN_STYLE = Automatic;
				CURRENT_PROJECT_VERSION = 1;
				DEVELOPMENT_TEAM = 95EHJ84BA2;
				GENERATE_INFOPLIST_FILE = YES;
				MARKETING_VERSION = 1.0;
				PRODUCT_BUNDLE_IDENTIFIER = RRRRRRR777.TokoTokoUITests;
				PRODUCT_NAME = "$(TARGET_NAME)";
				SWIFT_EMIT_LOC_STRINGS = NO;
				SWIFT_VERSION = 5.0;
				TARGETED_DEVICE_FAMILY = "1,2";
				TEST_TARGET_NAME = TokoToko;
			};
			name = Release;
		};
/* End XCBuildConfiguration section */

/* Begin XCConfigurationList section */
		6334E0CD2DC79C8900E50A8F /* Build configuration list for PBXProject "TokoToko" */ = {
			isa = XCConfigurationList;
			buildConfigurations = (
				6334E0F42DC79C8900E50A8F /* Debug */,
				6334E0F52DC79C8900E50A8F /* Release */,
			);
			defaultConfigurationIsVisible = 0;
			defaultConfigurationName = Release;
		};
		6334E0F62DC79C8900E50A8F /* Build configuration list for PBXNativeTarget "TokoToko" */ = {
			isa = XCConfigurationList;
			buildConfigurations = (
				6334E0F72DC79C8900E50A8F /* Debug */,
				6334E0F82DC79C8900E50A8F /* Release */,
			);
			defaultConfigurationIsVisible = 0;
			defaultConfigurationName = Release;
		};
		6334E0F92DC79C8900E50A8F /* Build configuration list for PBXNativeTarget "TokoTokoTests" */ = {
			isa = XCConfigurationList;
			buildConfigurations = (
				6334E0FA2DC79C8900E50A8F /* Debug */,
				6334E0FB2DC79C8900E50A8F /* Release */,
			);
			defaultConfigurationIsVisible = 0;
			defaultConfigurationName = Release;
		};
		6334E0FC2DC79C8900E50A8F /* Build configuration list for PBXNativeTarget "TokoTokoUITests" */ = {
			isa = XCConfigurationList;
			buildConfigurations = (
				6334E0FD2DC79C8900E50A8F /* Debug */,
				6334E0FE2DC79C8900E50A8F /* Release */,
			);
			defaultConfigurationIsVisible = 0;
			defaultConfigurationName = Release;
		};
/* End XCConfigurationList section */
	};
	rootObject = 6334E0CA2DC79C8900E50A8F /* Project object */;
}
